hash: 0d7224567371b663dcb7e86abe47e7063b6decb736652ffa1caad5dddc532f28
updated: 2018-05-10T15:15:02.697765713+09:00
imports:
- name: github.com/jacobsa/go-serial
  version: 15cf729a72d49e837fa047a4142fa6e4d5ab45a1
  subpackages:
  - serial
- name: golang.org/x/sys
  version: 7dfd1290c7917b7ba22824b9d24954ab3002fe24
  subpackages:
  - unix
testImports: []
