hash: b2b17ee1bd00a7438e43678f3ba7b7c302c19aa13a2143a2e40a2ad146caf67f
updated: 2018-05-08T12:04:26.055530427+09:00
imports:
- name: github.com/jacobsa/go-serial
  version: 15cf729a72d49e837fa047a4142fa6e4d5ab45a1
  subpackages:
  - serial
- name: golang.org/x/sys
  version: 7db1c3b1a98089d0071c84f646ff5c96aad43682
  subpackages:
  - unix
testImports: []
